
Microsoft Visual Studio Solution File, Format Version 12.00
# Visual Studio Version 17
VisualStudioVersion = 17.0.31903.59
MinimumVisualStudioVersion = 10.0.40219.1
Project("{FAE04EC0-301F-11D3-BF4B-00C04F79EFBC}") = "WebApi", "WebApi\WebApi.csproj", "{5EEF36C6-04AE-49D8-84DD-E35D4C38A40C}"
EndProject
Global
	GlobalSection(SolutionConfigurationPlatforms) = preSolution
		Debug|Any CPU = Debug|Any CPU
		Release|Any CPU = Release|Any CPU
	EndGlobalSection
	GlobalSection(ProjectConfigurationPlatforms) = postSolution
		{5EEF36C6-04AE-49D8-84DD-E35D4C38A40C}.Debug|Any CPU.ActiveCfg = Debug|Any CPU
		{5EEF36C6-04AE-49D8-84DD-E35D4C38A40C}.Debug|Any CPU.Build.0 = Debug|Any CPU
		{5EEF36C6-04AE-49D8-84DD-E35D4C38A40C}.Release|Any CPU.ActiveCfg = Release|Any CPU
		{5EEF36C6-04AE-49D8-84DD-E35D4C38A40C}.Release|Any CPU.Build.0 = Release|Any CPU
	EndGlobalSection
	GlobalSection(SolutionProperties) = preSolution
		HideSolutionNode = FALSE
	EndGlobalSection
	GlobalSection(ExtensibilityGlobals) = postSolution
		SolutionGuid = {BA03E271-ECAE-41A5-960D-36ACFFAD361A}
	EndGlobalSection
EndGlobal
