
Microsoft Visual Studio Solution File, Format Version 12.00
# Visual Studio Version 17
VisualStudioVersion = 17.0.32126.317
MinimumVisualStudioVersion = 10.0.40219.1
Project("{9A19103F-16F7-4668-BE54-9A1E7A4F7556}") = "ConsoleApp", "ConsoleApp\ConsoleApp.csproj", "{C4812445-20B6-40DA-A1BB-69FDCB1C82CC}"
EndProject
Global
	GlobalSection(SolutionConfigurationPlatforms) = preSolution
		Debug|Any CPU = Debug|Any CPU
		Release|Any CPU = Release|Any CPU
	EndGlobalSection
	GlobalSection(ProjectConfigurationPlatforms) = postSolution
		{C4812445-20B6-40DA-A1BB-69FDCB1C82CC}.Debug|Any CPU.ActiveCfg = Debug|Any CPU
		{C4812445-20B6-40DA-A1BB-69FDCB1C82CC}.Debug|Any CPU.Build.0 = Debug|Any CPU
		{C4812445-20B6-40DA-A1BB-69FDCB1C82CC}.Release|Any CPU.ActiveCfg = Release|Any CPU
		{C4812445-20B6-40DA-A1BB-69FDCB1C82CC}.Release|Any CPU.Build.0 = Release|Any CPU
	EndGlobalSection
	GlobalSection(SolutionProperties) = preSolution
		HideSolutionNode = FALSE
	EndGlobalSection
	GlobalSection(ExtensibilityGlobals) = postSolution
		SolutionGuid = {8EA8BADD-27BB-4E63-84EB-5879668CCD03}
	EndGlobalSection
EndGlobal
